
Microsoft Visual Studio Solution File, Format Version 12.00
# Visual Studio 14
VisualStudioVersion = 14.0.24720.0
MinimumVisualStudioVersion = 10.0.40219.1
Project("{2150E333-8FDC-42A3-9474-1A3956D46DE8}") = "InterFace", "InterFace", "{CE44E375-0E14-4575-82B0-D5ABB5F94914}"
EndProject
Project("{2150E333-8FDC-42A3-9474-1A3956D46DE8}") = "Common", "Common", "{62B61C7F-6EE6-4883-A3CA-CDDE3AA7DEFF}"
EndProject
Project("{2150E333-8FDC-42A3-9474-1A3956D46DE8}") = "Implement", "Implement", "{0F98A3AD-8828-4DF8-B9EF-4C2AB34FAE12}"
EndProject
Project("{2150E333-8FDC-42A3-9474-1A3956D46DE8}") = "Portal", "Portal", "{055D1801-7C47-4488-A03F-906993E834EB}"
EndProject
Project("{FAE04EC0-301F-11D3-BF4B-00C04F79EFBC}") = "WebApp.Portal", "WebApp.Portal\WebApp.Portal.csproj", "{B41D5631-A6FF-4E27-AE79-12A16A752382}"
	ProjectSection(ProjectDependencies) = postProject
		{6C081B46-A42B-400B-8288-A3D0D6526D87} = {6C081B46-A42B-400B-8288-A3D0D6526D87}
		{E21B5E4B-D12F-487A-A062-7F8F3863DA1B} = {E21B5E4B-D12F-487A-A062-7F8F3863DA1B}
		{11B1539E-5EB5-41CE-96FE-A2B33976791F} = {11B1539E-5EB5-41CE-96FE-A2B33976791F}
		{17060AD0-2976-41FE-BC24-8E18F1B94AEB} = {17060AD0-2976-41FE-BC24-8E18F1B94AEB}
		{BCB35BFF-9785-4008-9932-E0B02317F60C} = {BCB35BFF-9785-4008-9932-E0B02317F60C}
	EndProjectSection
EndProject
Project("{FAE04EC0-301F-11D3-BF4B-00C04F79EFBC}") = "WebApp.Portal.Tests", "WebApp.Portal.Tests\WebApp.Portal.Tests.csproj", "{761D277B-C551-4A03-9411-D91FDE934290}"
	ProjectSection(ProjectDependencies) = postProject
		{6C081B46-A42B-400B-8288-A3D0D6526D87} = {6C081B46-A42B-400B-8288-A3D0D6526D87}
		{E21B5E4B-D12F-487A-A062-7F8F3863DA1B} = {E21B5E4B-D12F-487A-A062-7F8F3863DA1B}
		{11B1539E-5EB5-41CE-96FE-A2B33976791F} = {11B1539E-5EB5-41CE-96FE-A2B33976791F}
		{17060AD0-2976-41FE-BC24-8E18F1B94AEB} = {17060AD0-2976-41FE-BC24-8E18F1B94AEB}
		{BCB35BFF-9785-4008-9932-E0B02317F60C} = {BCB35BFF-9785-4008-9932-E0B02317F60C}
	EndProjectSection
EndProject
Project("{FAE04EC0-301F-11D3-BF4B-00C04F79EFBC}") = "ypf.shop.Model", "ypf.shop.Model\ypf.shop.Model.csproj", "{11B1539E-5EB5-41CE-96FE-A2B33976791F}"
EndProject
Project("{FAE04EC0-301F-11D3-BF4B-00C04F79EFBC}") = "ypf.shop.BLL", "ypf.shop.BLL\ypf.shop.BLL.csproj", "{6C081B46-A42B-400B-8288-A3D0D6526D87}"
	ProjectSection(ProjectDependencies) = postProject
		{E21B5E4B-D12F-487A-A062-7F8F3863DA1B} = {E21B5E4B-D12F-487A-A062-7F8F3863DA1B}
		{11B1539E-5EB5-41CE-96FE-A2B33976791F} = {11B1539E-5EB5-41CE-96FE-A2B33976791F}
		{F0D143AA-6C2C-4697-9706-90AB61BAE84D} = {F0D143AA-6C2C-4697-9706-90AB61BAE84D}
		{17060AD0-2976-41FE-BC24-8E18F1B94AEB} = {17060AD0-2976-41FE-BC24-8E18F1B94AEB}
		{BCB35BFF-9785-4008-9932-E0B02317F60C} = {BCB35BFF-9785-4008-9932-E0B02317F60C}
	EndProjectSection
EndProject
Project("{FAE04EC0-301F-11D3-BF4B-00C04F79EFBC}") = "ypf.shop.DAL", "ypf.shop.DAL\ypf.shop.DAL.csproj", "{F0D143AA-6C2C-4697-9706-90AB61BAE84D}"
	ProjectSection(ProjectDependencies) = postProject
		{E21B5E4B-D12F-487A-A062-7F8F3863DA1B} = {E21B5E4B-D12F-487A-A062-7F8F3863DA1B}
		{11B1539E-5EB5-41CE-96FE-A2B33976791F} = {11B1539E-5EB5-41CE-96FE-A2B33976791F}
		{BCB35BFF-9785-4008-9932-E0B02317F60C} = {BCB35BFF-9785-4008-9932-E0B02317F60C}
	EndProjectSection
EndProject
Project("{FAE04EC0-301F-11D3-BF4B-00C04F79EFBC}") = "ypf.shop.IBLL", "ypf.shop.IBLL\ypf.shop.IBLL.csproj", "{17060AD0-2976-41FE-BC24-8E18F1B94AEB}"
	ProjectSection(ProjectDependencies) = postProject
		{E21B5E4B-D12F-487A-A062-7F8F3863DA1B} = {E21B5E4B-D12F-487A-A062-7F8F3863DA1B}
		{11B1539E-5EB5-41CE-96FE-A2B33976791F} = {11B1539E-5EB5-41CE-96FE-A2B33976791F}
	EndProjectSection
EndProject
Project("{FAE04EC0-301F-11D3-BF4B-00C04F79EFBC}") = "ypf.shop.IDAL", "ypf.shop.IDAL\ypf.shop.IDAL.csproj", "{BCB35BFF-9785-4008-9932-E0B02317F60C}"
	ProjectSection(ProjectDependencies) = postProject
		{E21B5E4B-D12F-487A-A062-7F8F3863DA1B} = {E21B5E4B-D12F-487A-A062-7F8F3863DA1B}
		{11B1539E-5EB5-41CE-96FE-A2B33976791F} = {11B1539E-5EB5-41CE-96FE-A2B33976791F}
	EndProjectSection
EndProject
Project("{2150E333-8FDC-42A3-9474-1A3956D46DE8}") = "Test", "Test", "{4172B55F-2B43-4647-A3FD-BF546B279015}"
EndProject
Project("{FAE04EC0-301F-11D3-BF4B-00C04F79EFBC}") = "ypf.shop.BLL.test", "ypf.shop.BLL.test\ypf.shop.BLL.test.csproj", "{8358D64E-27C3-4C98-BC97-F4D8F4D7469A}"
	ProjectSection(ProjectDependencies) = postProject
		{6C081B46-A42B-400B-8288-A3D0D6526D87} = {6C081B46-A42B-400B-8288-A3D0D6526D87}
		{11B1539E-5EB5-41CE-96FE-A2B33976791F} = {11B1539E-5EB5-41CE-96FE-A2B33976791F}
		{F0D143AA-6C2C-4697-9706-90AB61BAE84D} = {F0D143AA-6C2C-4697-9706-90AB61BAE84D}
		{17060AD0-2976-41FE-BC24-8E18F1B94AEB} = {17060AD0-2976-41FE-BC24-8E18F1B94AEB}
		{BCB35BFF-9785-4008-9932-E0B02317F60C} = {BCB35BFF-9785-4008-9932-E0B02317F60C}
	EndProjectSection
EndProject
Project("{FAE04EC0-301F-11D3-BF4B-00C04F79EFBC}") = "ypf.shop.Common", "ypf.shop.Common\ypf.shop.Common.csproj", "{E21B5E4B-D12F-487A-A062-7F8F3863DA1B}"
EndProject
Global
	GlobalSection(SolutionConfigurationPlatforms) = preSolution
		Debug|Any CPU = Debug|Any CPU
		Release|Any CPU = Release|Any CPU
	EndGlobalSection
	GlobalSection(ProjectConfigurationPlatforms) = postSolution
		{B41D5631-A6FF-4E27-AE79-12A16A752382}.Debug|Any CPU.ActiveCfg = Debug|Any CPU
		{B41D5631-A6FF-4E27-AE79-12A16A752382}.Debug|Any CPU.Build.0 = Debug|Any CPU
		{B41D5631-A6FF-4E27-AE79-12A16A752382}.Release|Any CPU.ActiveCfg = Release|Any CPU
		{B41D5631-A6FF-4E27-AE79-12A16A752382}.Release|Any CPU.Build.0 = Release|Any CPU
		{761D277B-C551-4A03-9411-D91FDE934290}.Debug|Any CPU.ActiveCfg = Debug|Any CPU
		{761D277B-C551-4A03-9411-D91FDE934290}.Debug|Any CPU.Build.0 = Debug|Any CPU
		{761D277B-C551-4A03-9411-D91FDE934290}.Release|Any CPU.ActiveCfg = Release|Any CPU
		{761D277B-C551-4A03-9411-D91FDE934290}.Release|Any CPU.Build.0 = Release|Any CPU
		{11B1539E-5EB5-41CE-96FE-A2B33976791F}.Debug|Any CPU.ActiveCfg = Debug|Any CPU
		{11B1539E-5EB5-41CE-96FE-A2B33976791F}.Debug|Any CPU.Build.0 = Debug|Any CPU
		{11B1539E-5EB5-41CE-96FE-A2B33976791F}.Release|Any CPU.ActiveCfg = Release|Any CPU
		{11B1539E-5EB5-41CE-96FE-A2B33976791F}.Release|Any CPU.Build.0 = Release|Any CPU
		{6C081B46-A42B-400B-8288-A3D0D6526D87}.Debug|Any CPU.ActiveCfg = Debug|Any CPU
		{6C081B46-A42B-400B-8288-A3D0D6526D87}.Debug|Any CPU.Build.0 = Debug|Any CPU
		{6C081B46-A42B-400B-8288-A3D0D6526D87}.Release|Any CPU.ActiveCfg = Release|Any CPU
		{6C081B46-A42B-400B-8288-A3D0D6526D87}.Release|Any CPU.Build.0 = Release|Any CPU
		{F0D143AA-6C2C-4697-9706-90AB61BAE84D}.Debug|Any CPU.ActiveCfg = Debug|Any CPU
		{F0D143AA-6C2C-4697-9706-90AB61BAE84D}.Debug|Any CPU.Build.0 = Debug|Any CPU
		{F0D143AA-6C2C-4697-9706-90AB61BAE84D}.Release|Any CPU.ActiveCfg = Release|Any CPU
		{F0D143AA-6C2C-4697-9706-90AB61BAE84D}.Release|Any CPU.Build.0 = Release|Any CPU
		{17060AD0-2976-41FE-BC24-8E18F1B94AEB}.Debug|Any CPU.ActiveCfg = Debug|Any CPU
		{17060AD0-2976-41FE-BC24-8E18F1B94AEB}.Debug|Any CPU.Build.0 = Debug|Any CPU
		{17060AD0-2976-41FE-BC24-8E18F1B94AEB}.Release|Any CPU.ActiveCfg = Release|Any CPU
		{17060AD0-2976-41FE-BC24-8E18F1B94AEB}.Release|Any CPU.Build.0 = Release|Any CPU
		{BCB35BFF-9785-4008-9932-E0B02317F60C}.Debug|Any CPU.ActiveCfg = Debug|Any CPU
		{BCB35BFF-9785-4008-9932-E0B02317F60C}.Debug|Any CPU.Build.0 = Debug|Any CPU
		{BCB35BFF-9785-4008-9932-E0B02317F60C}.Release|Any CPU.ActiveCfg = Release|Any CPU
		{BCB35BFF-9785-4008-9932-E0B02317F60C}.Release|Any CPU.Build.0 = Release|Any CPU
		{8358D64E-27C3-4C98-BC97-F4D8F4D7469A}.Debug|Any CPU.ActiveCfg = Debug|Any CPU
		{8358D64E-27C3-4C98-BC97-F4D8F4D7469A}.Debug|Any CPU.Build.0 = Debug|Any CPU
		{8358D64E-27C3-4C98-BC97-F4D8F4D7469A}.Release|Any CPU.ActiveCfg = Release|Any CPU
		{8358D64E-27C3-4C98-BC97-F4D8F4D7469A}.Release|Any CPU.Build.0 = Release|Any CPU
		{E21B5E4B-D12F-487A-A062-7F8F3863DA1B}.Debug|Any CPU.ActiveCfg = Debug|Any CPU
		{E21B5E4B-D12F-487A-A062-7F8F3863DA1B}.Debug|Any CPU.Build.0 = Debug|Any CPU
		{E21B5E4B-D12F-487A-A062-7F8F3863DA1B}.Release|Any CPU.ActiveCfg = Release|Any CPU
		{E21B5E4B-D12F-487A-A062-7F8F3863DA1B}.Release|Any CPU.Build.0 = Release|Any CPU
	EndGlobalSection
	GlobalSection(SolutionProperties) = preSolution
		HideSolutionNode = FALSE
	EndGlobalSection
	GlobalSection(NestedProjects) = preSolution
		{B41D5631-A6FF-4E27-AE79-12A16A752382} = {055D1801-7C47-4488-A03F-906993E834EB}
		{761D277B-C551-4A03-9411-D91FDE934290} = {4172B55F-2B43-4647-A3FD-BF546B279015}
		{11B1539E-5EB5-41CE-96FE-A2B33976791F} = {0F98A3AD-8828-4DF8-B9EF-4C2AB34FAE12}
		{6C081B46-A42B-400B-8288-A3D0D6526D87} = {0F98A3AD-8828-4DF8-B9EF-4C2AB34FAE12}
		{F0D143AA-6C2C-4697-9706-90AB61BAE84D} = {0F98A3AD-8828-4DF8-B9EF-4C2AB34FAE12}
		{17060AD0-2976-41FE-BC24-8E18F1B94AEB} = {CE44E375-0E14-4575-82B0-D5ABB5F94914}
		{BCB35BFF-9785-4008-9932-E0B02317F60C} = {CE44E375-0E14-4575-82B0-D5ABB5F94914}
		{8358D64E-27C3-4C98-BC97-F4D8F4D7469A} = {4172B55F-2B43-4647-A3FD-BF546B279015}
		{E21B5E4B-D12F-487A-A062-7F8F3863DA1B} = {62B61C7F-6EE6-4883-A3CA-CDDE3AA7DEFF}
	EndGlobalSection
EndGlobal
